
Microsoft Visual Studio Solution File, Format Version 12.00
# Visual Studio Version 16
VisualStudioVersion = 16.0.29409.12
MinimumVisualStudioVersion = 10.0.40219.1
Project("{8BC9CEB8-8B4A-11D0-8D11-00A0C91BC942}") = "win_simple_perf", "extensions\win_simple_perf\win_simple_perf.vcxproj", "{0AA860FA-E76C-4AD9-B473-D564D8C73327}"
	ProjectSection(ProjectDependencies) = postProject
		{B12702AD-ABFB-343A-A199-8E24837244A3} = {B12702AD-ABFB-343A-A199-8E24837244A3}
	EndProjectSection
EndProject
Project("{8BC9CEB8-8B4A-11D0-8D11-00A0C91BC942}") = "win_audio_viz", "extensions\win_audio_viz\win_audio_viz.vcxproj", "{6775782B-1D7A-46EA-A741-C8032936CA1E}"
	ProjectSection(ProjectDependencies) = postProject
		{B12702AD-ABFB-343A-A199-8E24837244A3} = {B12702AD-ABFB-343A-A199-8E24837244A3}
	EndProjectSection
EndProject
Project("{8BC9CEB8-8B4A-11D0-8D11-00A0C91BC942}") = "extension-api", "extension-api\extension-api.vcxproj", "{B12702AD-ABFB-343A-A199-8E24837244A3}"
EndProject
Project("{8BC9CEB8-8B4A-11D0-8D11-00A0C91BC942}") = "quasar", "quasar\quasar.vcxproj", "{099BBE79-90A5-4B69-944F-CB4AD7060E0E}"
EndProject
Global
	GlobalSection(SolutionConfigurationPlatforms) = preSolution
		Debug|x64 = Debug|x64
		Release|x64 = Release|x64
	EndGlobalSection
	GlobalSection(ProjectConfigurationPlatforms) = postSolution
		{0AA860FA-E76C-4AD9-B473-D564D8C73327}.Debug|x64.ActiveCfg = Debug|x64
		{0AA860FA-E76C-4AD9-B473-D564D8C73327}.Debug|x64.Build.0 = Debug|x64
		{0AA860FA-E76C-4AD9-B473-D564D8C73327}.Release|x64.ActiveCfg = Release|x64
		{0AA860FA-E76C-4AD9-B473-D564D8C73327}.Release|x64.Build.0 = Release|x64
		{6775782B-1D7A-46EA-A741-C8032936CA1E}.Debug|x64.ActiveCfg = Debug|x64
		{6775782B-1D7A-46EA-A741-C8032936CA1E}.Debug|x64.Build.0 = Debug|x64
		{6775782B-1D7A-46EA-A741-C8032936CA1E}.Release|x64.ActiveCfg = Release|x64
		{6775782B-1D7A-46EA-A741-C8032936CA1E}.Release|x64.Build.0 = Release|x64
		{B12702AD-ABFB-343A-A199-8E24837244A3}.Debug|x64.ActiveCfg = Debug|x64
		{B12702AD-ABFB-343A-A199-8E24837244A3}.Debug|x64.Build.0 = Debug|x64
		{B12702AD-ABFB-343A-A199-8E24837244A3}.Release|x64.ActiveCfg = Release|x64
		{B12702AD-ABFB-343A-A199-8E24837244A3}.Release|x64.Build.0 = Release|x64
		{099BBE79-90A5-4B69-944F-CB4AD7060E0E}.Debug|x64.ActiveCfg = Debug|x64
		{099BBE79-90A5-4B69-944F-CB4AD7060E0E}.Debug|x64.Build.0 = Debug|x64
		{099BBE79-90A5-4B69-944F-CB4AD7060E0E}.Release|x64.ActiveCfg = Release|x64
		{099BBE79-90A5-4B69-944F-CB4AD7060E0E}.Release|x64.Build.0 = Release|x64
	EndGlobalSection
	GlobalSection(SolutionProperties) = preSolution
		HideSolutionNode = FALSE
	EndGlobalSection
	GlobalSection(ExtensibilityGlobals) = postSolution
		SolutionGuid = {ECDB9021-CCCE-4EB9-B070-29003B5054AB}
	EndGlobalSection
EndGlobal
