<?xml version="1.0" encoding="utf-8"?>
<Project ToolsVersion="4.0" xmlns="http://schemas.microsoft.com/developer/msbuild/2003">
  <ItemGroup>
    <ClInclude Include="plugin_api.h">
      <Filter>Header Files</Filter>
    </ClInclude>
    <ClInclude Include="plugin_types.h">
      <Filter>Header Files</Filter>
    </ClInclude>
    <ClInclude Include="plugin_support.h">
      <Filter>Header Files</Filter>
    </ClInclude>
    <ClInclude Include="plugin_support_internal.h">
      <Filter>Header Files</Filter>
    </ClInclude>
    <ClInclude Include="qstring_hash_impl.h">
      <Filter>Header Files</Filter>
    </ClInclude>
  </ItemGroup>
  <ItemGroup>
    <Filter Include="Resource Files">
      <UniqueIdentifier>{D9D6E242-F8AF-46E4-B9FD-80ECBC20BA3E}</UniqueIdentifier>
      <Extensions>qrc;*</Extensions>
      <ParseFiles>false</ParseFiles>
    </Filter>
    <Filter Include="Header Files">
      <UniqueIdentifier>{93995380-89BD-4b04-88EB-625FBE52EBFB}</UniqueIdentifier>
      <Extensions>h;hh;hpp;hxx;hm;inl;inc;xsd</Extensions>
      <ParseFiles>true</ParseFiles>
    </Filter>
    <Filter Include="Source Files">
      <UniqueIdentifier>{4FC737F1-C7A5-4376-A066-2A32D752A2FF}</UniqueIdentifier>
      <Extensions>cpp;c;cc;cxx;def;odl;idl;hpj;bat;asm;asmx</Extensions>
      <ParseFiles>true</ParseFiles>
    </Filter>
    <Filter Include="Generated Files">
      <UniqueIdentifier>{71ED8ED8-ACB9-4CE9-BBE1-E00B30144E11}</UniqueIdentifier>
      <Extensions>moc;h;cpp</Extensions>
      <ParseFiles>true</ParseFiles>
    </Filter>
  </ItemGroup>
  <ItemGroup>
    <ClCompile Include="plugin_support.cpp">
      <Filter>Source Files</Filter>
    </ClCompile>
    <ClCompile Include="dataplugin.cpp">
      <Filter>Source Files</Filter>
    </ClCompile>
    
    
  </ItemGroup>
  <ItemGroup>
    <QtMoc Include="dataplugin.h">
      <Filter>Header Files</Filter>
    </QtMoc>
  </ItemGroup>
</Project>